
Microsoft Visual Studio Solution File, Format Version 12.00
# Visual Studio Version 17
VisualStudioVersion = 17.5.002.0
MinimumVisualStudioVersion = 10.0.40219.1
Project("{9A19103F-16F7-4668-BE54-9A1E7A4F7556}") = "artesania", "artesania.csproj", "{1DC8E04A-063F-4C3B-9370-A5D7897B114A}"
EndProject
Global
	GlobalSection(SolutionConfigurationPlatforms) = preSolution
		Debug|Any CPU = Debug|Any CPU
		Release|Any CPU = Release|Any CPU
	EndGlobalSection
	GlobalSection(ProjectConfigurationPlatforms) = postSolution
		{1DC8E04A-063F-4C3B-9370-A5D7897B114A}.Debug|Any CPU.ActiveCfg = Debug|Any CPU
		{1DC8E04A-063F-4C3B-9370-A5D7897B114A}.Debug|Any CPU.Build.0 = Debug|Any CPU
		{1DC8E04A-063F-4C3B-9370-A5D7897B114A}.Release|Any CPU.ActiveCfg = Release|Any CPU
		{1DC8E04A-063F-4C3B-9370-A5D7897B114A}.Release|Any CPU.Build.0 = Release|Any CPU
	EndGlobalSection
	GlobalSection(SolutionProperties) = preSolution
		HideSolutionNode = FALSE
	EndGlobalSection
	GlobalSection(ExtensibilityGlobals) = postSolution
		SolutionGuid = {632590B1-14F3-46B4-9924-53EED638B456}
	EndGlobalSection
EndGlobal
